// !$*UTF8*$!
{
	archiveVersion = 1;
	classes = {
	};
	objectVersion = 56;
	objects = {

/* Begin PBXBuildFile section */
		03527A43481970445C56D60C /* MacroCalculator.swift in Sources */ = {isa = PBXBuildFile; fileRef = 0F595C0F937B0C064F8A6B24 /* MacroCalculator.swift */; };
		0A1C553D358888723125FAA8 /* HomeScreen.swift in Sources */ = {isa = PBXBuildFile; fileRef = 535228ADFD26881B2285CC7D /* HomeScreen.swift */; };
		0B32A090B26C6B55C94E1DDC /* AugeRecoveryEngine.swift in Sources */ = {isa = PBXBuildFile; fileRef = 864074E1D165DC8B1692556A /* AugeRecoveryEngine.swift */; };
		15BCBEDE5E1F0B463D40BFB9 /* CreateProgramCard.swift in Sources */ = {isa = PBXBuildFile; fileRef = 66494A943B38F3D6684CCF06 /* CreateProgramCard.swift */; };
		46A30284448598AAD109E49B /* LiquidGlassModifier.swift in Sources */ = {isa = PBXBuildFile; fileRef = 103A51A81B9573B3CEF8C16A /* LiquidGlassModifier.swift */; };
		4877C8351C36F0ACDA6261DA /* KpknIcons.swift in Sources */ = {isa = PBXBuildFile; fileRef = 3B054BB6B5785EF1164EFF73 /* KpknIcons.swift */; };
		5890EE3340990008A12B16E4 /* HomeWikiLabSection.swift in Sources */ = {isa = PBXBuildFile; fileRef = 47D5EB4EBCC54EA9ECFE7BA5 /* HomeWikiLabSection.swift */; };
		65A87291B72330BA9C161EF7 /* SharedComponents.swift in Sources */ = {isa = PBXBuildFile; fileRef = 0A0EE0B09A4971E2834B8553 /* SharedComponents.swift */; };
		67CE829E333F0A83980971A0 /* HomeViewModel.swift in Sources */ = {isa = PBXBuildFile; fileRef = 4509370CB68DFFD70ABD42A9 /* HomeViewModel.swift */; };
		68D6FB73A6685480C410BEAC /* HomeHeaderSection.swift in Sources */ = {isa = PBXBuildFile; fileRef = F480FC4204273D22AE629D5F /* HomeHeaderSection.swift */; };
		7A13BBF8E0386273E40BD42D /* HomeSessionSection.swift in Sources */ = {isa = PBXBuildFile; fileRef = 7E57387C4B69C4EEE59A9C21 /* HomeSessionSection.swift */; };
		828FDC813009B31E00857720 /* KPKNFitApp.swift in Sources */ = {isa = PBXBuildFile; fileRef = 828FDC803009B31E00857720 /* KPKNFitApp.swift */; };
		828FDC833009B31E00857720 /* ContentView.swift in Sources */ = {isa = PBXBuildFile; fileRef = 828FDC823009B31E00857720 /* ContentView.swift */; };
		828FDC853009B32000857720 /* Assets.xcassets in Resources */ = {isa = PBXBuildFile; fileRef = 828FDC843009B32000857720 /* Assets.xcassets */; };
		828FDC883009B32000857720 /* Preview Assets.xcassets in Resources */ = {isa = PBXBuildFile; fileRef = 828FDC873009B32000857720 /* Preview Assets.xcassets */; };
		828FDC923009B32100857720 /* KPKNFitTests.swift in Sources */ = {isa = PBXBuildFile; fileRef = 828FDC913009B32100857720 /* KPKNFitTests.swift */; };
		828FDC9C3009B32100857720 /* KPKNFitUITests.swift in Sources */ = {isa = PBXBuildFile; fileRef = 828FDC9B3009B32100857720 /* KPKNFitUITests.swift */; };
		828FDC9E3009B32100857720 /* KPKNFitUITestsLaunchTests.swift in Sources */ = {isa = PBXBuildFile; fileRef = 828FDC9D3009B32100857720 /* KPKNFitUITestsLaunchTests.swift */; };
		828FDCAE3009B3E800857720 /* Presentation in Resources */ = {isa = PBXBuildFile; fileRef = 828FDCAA3009B3E700857720 /* Presentation */; };
		828FDCAF3009B3E800857720 /* Data in Resources */ = {isa = PBXBuildFile; fileRef = 828FDCAB3009B3E700857720 /* Data */; };
		828FDCB03009B3E800857720 /* Services in Resources */ = {isa = PBXBuildFile; fileRef = 828FDCAC3009B3E700857720 /* Services */; };
		828FDCB13009B3E800857720 /* Domain in Resources */ = {isa = PBXBuildFile; fileRef = 828FDCAD3009B3E800857720 /* Domain */; };
		8346D6BF0F00A6FE5610EAD7 /* TrainingConceptsData.swift in Sources */ = {isa = PBXBuildFile; fileRef = 92A9D215FF8943CD48831B3A /* TrainingConceptsData.swift */; };
		8878DD49D5359C1B736E6FDE /* SessionModels.swift in Sources */ = {isa = PBXBuildFile; fileRef = 30E29568DD60617FE25A2095 /* SessionModels.swift */; };
		8D542241FFDABB73B8608863 /* DashboardView.swift in Sources */ = {isa = PBXBuildFile; fileRef = DC06BB6B1D2BD2008A3AE818 /* DashboardView.swift */; };
		9CED78A368637452E67F05BB /* HomeCornersSection.swift in Sources */ = {isa = PBXBuildFile; fileRef = 5E3FECDA477E5B579EF77C59 /* HomeCornersSection.swift */; };
		A0DFB3EAF3757EAD8C0098D7 /* HomeProgramsSection.swift in Sources */ = {isa = PBXBuildFile; fileRef = CDF3F1645F2F1792CC97AA31 /* HomeProgramsSection.swift */; };
		AE5A1411986EBAAEC1ACE501 /* MyRingsView.swift in Sources */ = {isa = PBXBuildFile; fileRef = 4C8ACA6C21DD3683786D412A /* MyRingsView.swift */; };
		B832FD7CEEFBAE1FCB5B11BB /* NeonOrbView.swift in Sources */ = {isa = PBXBuildFile; fileRef = F2262A05CAF919C642F34E57 /* NeonOrbView.swift */; };
		BA73017657F4EDE0D6A854EA /* HomeCardsSection.swift in Sources */ = {isa = PBXBuildFile; fileRef = 4622B4952979D90B8309AA60 /* HomeCardsSection.swift */; };
		BD7A42C8EDC0B0E89F2A901C /* ProgramModels.swift in Sources */ = {isa = PBXBuildFile; fileRef = 63C1801BD5F4F66E389CF0D6 /* ProgramModels.swift */; };
		C86E9FAED6D6FBD03D73D851 /* AppColors.swift in Sources */ = {isa = PBXBuildFile; fileRef = 510D6B9D4F12D376D68E2948 /* AppColors.swift */; };
		F9410B932C6CBA81B437454F /* NutritionModels.swift in Sources */ = {isa = PBXBuildFile; fileRef = 681F0C48B86EA1770DE7D5A4 /* NutritionModels.swift */; };
/* End PBXBuildFile section */

/* Begin PBXContainerItemProxy section */
		828FDC8E3009B32100857720 /* PBXContainerItemProxy */ = {
			isa = PBXContainerItemProxy;
			containerPortal = 828FDC753009B31E00857720 /* Project object */;
			proxyType = 1;
			remoteGlobalIDString = 828FDC7C3009B31E00857720;
			remoteInfo = KPKNFit;
		};
		828FDC983009B32100857720 /* PBXContainerItemProxy */ = {
			isa = PBXContainerItemProxy;
			containerPortal = 828FDC753009B31E00857720 /* Project object */;
			proxyType = 1;
			remoteGlobalIDString = 828FDC7C3009B31E00857720;
			remoteInfo = KPKNFit;
		};
/* End PBXContainerItemProxy section */

/* Begin PBXFileReference section */
		0A0EE0B09A4971E2834B8553 /* SharedComponents.swift */ = {isa = PBXFileReference; includeInIndex = 1; lastKnownFileType = sourcecode.swift; path = KPKNFit/Presentation/Components/SharedComponents.swift; sourceTree = SOURCE_ROOT; };
		0F595C0F937B0C064F8A6B24 /* MacroCalculator.swift */ = {isa = PBXFileReference; includeInIndex = 1; lastKnownFileType = sourcecode.swift; path = KPKNFit/Domain/Nutrition/MacroCalculator.swift; sourceTree = SOURCE_ROOT; };
		103A51A81B9573B3CEF8C16A /* LiquidGlassModifier.swift */ = {isa = PBXFileReference; includeInIndex = 1; lastKnownFileType = sourcecode.swift; path = KPKNFit/Presentation/Theme/LiquidGlassModifier.swift; sourceTree = SOURCE_ROOT; };
		30E29568DD60617FE25A2095 /* SessionModels.swift */ = {isa = PBXFileReference; includeInIndex = 1; lastKnownFileType = sourcecode.swift; path = KPKNFit/Data/Models/SessionModels.swift; sourceTree = SOURCE_ROOT; };
		3B054BB6B5785EF1164EFF73 /* KpknIcons.swift */ = {isa = PBXFileReference; includeInIndex = 1; lastKnownFileType = sourcecode.swift; path = KPKNFit/Presentation/Components/KpknIcons.swift; sourceTree = SOURCE_ROOT; };
		4509370CB68DFFD70ABD42A9 /* HomeViewModel.swift */ = {isa = PBXFileReference; includeInIndex = 1; lastKnownFileType = sourcecode.swift; path = KPKNFit/Presentation/Screens/HomeViewModel.swift; sourceTree = SOURCE_ROOT; };
		4622B4952979D90B8309AA60 /* HomeCardsSection.swift */ = {isa = PBXFileReference; includeInIndex = 1; lastKnownFileType = sourcecode.swift; path = KPKNFit/Presentation/Components/HomeCardsSection.swift; sourceTree = SOURCE_ROOT; };
		47D5EB4EBCC54EA9ECFE7BA5 /* HomeWikiLabSection.swift */ = {isa = PBXFileReference; includeInIndex = 1; lastKnownFileType = sourcecode.swift; path = KPKNFit/Presentation/Components/HomeWikiLabSection.swift; sourceTree = SOURCE_ROOT; };
		4C8ACA6C21DD3683786D412A /* MyRingsView.swift */ = {isa = PBXFileReference; includeInIndex = 1; lastKnownFileType = sourcecode.swift; path = KPKNFit/Presentation/Components/MyRingsView.swift; sourceTree = SOURCE_ROOT; };
		510D6B9D4F12D376D68E2948 /* AppColors.swift */ = {isa = PBXFileReference; includeInIndex = 1; lastKnownFileType = sourcecode.swift; path = KPKNFit/Presentation/Theme/AppColors.swift; sourceTree = SOURCE_ROOT; };
		535228ADFD26881B2285CC7D /* HomeScreen.swift */ = {isa = PBXFileReference; includeInIndex = 1; lastKnownFileType = sourcecode.swift; path = KPKNFit/Presentation/Screens/HomeScreen.swift; sourceTree = SOURCE_ROOT; };
		5E3FECDA477E5B579EF77C59 /* HomeCornersSection.swift */ = {isa = PBXFileReference; includeInIndex = 1; lastKnownFileType = sourcecode.swift; path = KPKNFit/Presentation/Components/HomeCornersSection.swift; sourceTree = SOURCE_ROOT; };
		63C1801BD5F4F66E389CF0D6 /* ProgramModels.swift */ = {isa = PBXFileReference; includeInIndex = 1; lastKnownFileType = sourcecode.swift; path = KPKNFit/Data/Models/ProgramModels.swift; sourceTree = SOURCE_ROOT; };
		66494A943B38F3D6684CCF06 /* CreateProgramCard.swift */ = {isa = PBXFileReference; includeInIndex = 1; lastKnownFileType = sourcecode.swift; path = KPKNFit/Presentation/Components/CreateProgramCard.swift; sourceTree = SOURCE_ROOT; };
		681F0C48B86EA1770DE7D5A4 /* NutritionModels.swift */ = {isa = PBXFileReference; includeInIndex = 1; lastKnownFileType = sourcecode.swift; path = KPKNFit/Data/Models/NutritionModels.swift; sourceTree = SOURCE_ROOT; };
		7E57387C4B69C4EEE59A9C21 /* HomeSessionSection.swift */ = {isa = PBXFileReference; includeInIndex = 1; lastKnownFileType = sourcecode.swift; path = KPKNFit/Presentation/Components/HomeSessionSection.swift; sourceTree = SOURCE_ROOT; };
		828FDC7D3009B31E00857720 /* KPKNFit.app */ = {isa = PBXFileReference; explicitFileType = wrapper.application; includeInIndex = 0; path = KPKNFit.app; sourceTree = BUILT_PRODUCTS_DIR; };
		828FDC803009B31E00857720 /* KPKNFitApp.swift */ = {isa = PBXFileReference; lastKnownFileType = sourcecode.swift; path = KPKNFitApp.swift; sourceTree = "<group>"; };
		828FDC823009B31E00857720 /* ContentView.swift */ = {isa = PBXFileReference; lastKnownFileType = sourcecode.swift; path = ContentView.swift; sourceTree = "<group>"; };
		828FDC843009B32000857720 /* Assets.xcassets */ = {isa = PBXFileReference; lastKnownFileType = folder.assetcatalog; path = Assets.xcassets; sourceTree = "<group>"; };
		828FDC873009B32000857720 /* Preview Assets.xcassets */ = {isa = PBXFileReference; lastKnownFileType = folder.assetcatalog; path = "Preview Assets.xcassets"; sourceTree = "<group>"; };
		828FDC8D3009B32100857720 /* KPKNFitTests.xctest */ = {isa = PBXFileReference; explicitFileType = wrapper.cfbundle; includeInIndex = 0; path = KPKNFitTests.xctest; sourceTree = BUILT_PRODUCTS_DIR; };
		828FDC913009B32100857720 /* KPKNFitTests.swift */ = {isa = PBXFileReference; lastKnownFileType = sourcecode.swift; path = KPKNFitTests.swift; sourceTree = "<group>"; };
		828FDC973009B32100857720 /* KPKNFitUITests.xctest */ = {isa = PBXFileReference; explicitFileType = wrapper.cfbundle; includeInIndex = 0; path = KPKNFitUITests.xctest; sourceTree = BUILT_PRODUCTS_DIR; };
		828FDC9B3009B32100857720 /* KPKNFitUITests.swift */ = {isa = PBXFileReference; lastKnownFileType = sourcecode.swift; path = KPKNFitUITests.swift; sourceTree = "<group>"; };
		828FDC9D3009B32100857720 /* KPKNFitUITestsLaunchTests.swift */ = {isa = PBXFileReference; lastKnownFileType = sourcecode.swift; path = KPKNFitUITestsLaunchTests.swift; sourceTree = "<group>"; };
		828FDCAA3009B3E700857720 /* Presentation */ = {isa = PBXFileReference; lastKnownFileType = folder; path = Presentation; sourceTree = "<group>"; };
		828FDCAB3009B3E700857720 /* Data */ = {isa = PBXFileReference; lastKnownFileType = folder; path = Data; sourceTree = "<group>"; };
		828FDCAC3009B3E700857720 /* Services */ = {isa = PBXFileReference; lastKnownFileType = folder; path = Services; sourceTree = "<group>"; };
		828FDCAD3009B3E800857720 /* Domain */ = {isa = PBXFileReference; lastKnownFileType = folder; path = Domain; sourceTree = "<group>"; };
		864074E1D165DC8B1692556A /* AugeRecoveryEngine.swift */ = {isa = PBXFileReference; includeInIndex = 1; lastKnownFileType = sourcecode.swift; path = KPKNFit/Domain/Auge/AugeRecoveryEngine.swift; sourceTree = SOURCE_ROOT; };
		92A9D215FF8943CD48831B3A /* TrainingConceptsData.swift */ = {isa = PBXFileReference; includeInIndex = 1; lastKnownFileType = sourcecode.swift; path = KPKNFit/Data/Models/TrainingConceptsData.swift; sourceTree = SOURCE_ROOT; };
		CDF3F1645F2F1792CC97AA31 /* HomeProgramsSection.swift */ = {isa = PBXFileReference; includeInIndex = 1; lastKnownFileType = sourcecode.swift; path = KPKNFit/Presentation/Components/HomeProgramsSection.swift; sourceTree = SOURCE_ROOT; };
		DC06BB6B1D2BD2008A3AE818 /* DashboardView.swift */ = {isa = PBXFileReference; includeInIndex = 1; lastKnownFileType = sourcecode.swift; path = KPKNFit/Presentation/Screens/DashboardView.swift; sourceTree = SOURCE_ROOT; };
		F2262A05CAF919C642F34E57 /* NeonOrbView.swift */ = {isa = PBXFileReference; includeInIndex = 1; lastKnownFileType = sourcecode.swift; path = KPKNFit/Presentation/Theme/NeonOrbView.swift; sourceTree = SOURCE_ROOT; };
		F480FC4204273D22AE629D5F /* HomeHeaderSection.swift */ = {isa = PBXFileReference; includeInIndex = 1; lastKnownFileType = sourcecode.swift; path = KPKNFit/Presentation/Components/HomeHeaderSection.swift; sourceTree = SOURCE_ROOT; };
/* End PBXFileReference section */

/* Begin PBXFrameworksBuildPhase section */
		828FDC7A3009B31E00857720 /* Frameworks */ = {
			isa = PBXFrameworksBuildPhase;
			buildActionMask = 2147483647;
			files = (
			);
			runOnlyForDeploymentPostprocessing = 0;
		};
		828FDC8A3009B32100857720 /* Frameworks */ = {
			isa = PBXFrameworksBuildPhase;
			buildActionMask = 2147483647;
			files = (
			);
			runOnlyForDeploymentPostprocessing = 0;
		};
		828FDC943009B32100857720 /* Frameworks */ = {
			isa = PBXFrameworksBuildPhase;
			buildActionMask = 2147483647;
			files = (
			);
			runOnlyForDeploymentPostprocessing = 0;
		};
/* End PBXFrameworksBuildPhase section */

/* Begin PBXGroup section */
		0D7B6053246027BFB5FE1308 /* Models */ = {
			isa = PBXGroup;
			children = (
				681F0C48B86EA1770DE7D5A4 /* NutritionModels.swift */,
				92A9D215FF8943CD48831B3A /* TrainingConceptsData.swift */,
				63C1801BD5F4F66E389CF0D6 /* ProgramModels.swift */,
				30E29568DD60617FE25A2095 /* SessionModels.swift */,
			);
			name = Models;
			path = Models;
			sourceTree = "<group>";
		};
		5CAD6F2C94FA6CDE29CE236C /* Data */ = {
			isa = PBXGroup;
			children = (
				0D7B6053246027BFB5FE1308 /* Models */,
			);
			name = Data;
			path = Data;
			sourceTree = "<group>";
		};
		690881535ABBA3D32323D1D6 /* Presentation */ = {
			isa = PBXGroup;
			children = (
				E95F67D475FBDDD2D9C4014E /* Theme */,
				E5143CA327FBF3F9244C2351 /* Components */,
				96250A6B5754DA52AD3462D9 /* Screens */,
			);
			name = Presentation;
			sourceTree = "<group>";
		};
		769B9013812F833405BA1E69 /* Nutrition */ = {
			isa = PBXGroup;
			children = (
				0F595C0F937B0C064F8A6B24 /* MacroCalculator.swift */,
			);
			name = Nutrition;
			path = Nutrition;
			sourceTree = "<group>";
		};
		828FDC743009B31E00857720 = {
			isa = PBXGroup;
			children = (
				828FDC7F3009B31E00857720 /* KPKNFit */,
				828FDC903009B32100857720 /* KPKNFitTests */,
				828FDC9A3009B32100857720 /* KPKNFitUITests */,
				828FDC7E3009B31E00857720 /* Products */,
			);
			sourceTree = "<group>";
		};
		828FDC7E3009B31E00857720 /* Products */ = {
			isa = PBXGroup;
			children = (
				828FDC7D3009B31E00857720 /* KPKNFit.app */,
				828FDC8D3009B32100857720 /* KPKNFitTests.xctest */,
				828FDC973009B32100857720 /* KPKNFitUITests.xctest */,
			);
			name = Products;
			sourceTree = "<group>";
		};
		828FDC7F3009B31E00857720 /* KPKNFit */ = {
			isa = PBXGroup;
			children = (
				828FDCAB3009B3E700857720 /* Data */,
				828FDCAD3009B3E800857720 /* Domain */,
				828FDCAA3009B3E700857720 /* Presentation */,
				828FDCAC3009B3E700857720 /* Services */,
				828FDC803009B31E00857720 /* KPKNFitApp.swift */,
				828FDC823009B31E00857720 /* ContentView.swift */,
				828FDC843009B32000857720 /* Assets.xcassets */,
				828FDC863009B32000857720 /* Preview Content */,
				690881535ABBA3D32323D1D6 /* Presentation */,
				5CAD6F2C94FA6CDE29CE236C /* Data */,
				EB3147483EE8C79E64F21EAF /* Domain */,
			);
			path = KPKNFit;
			sourceTree = "<group>";
		};
		828FDC863009B32000857720 /* Preview Content */ = {
			isa = PBXGroup;
			children = (
				828FDC873009B32000857720 /* Preview Assets.xcassets */,
			);
			path = "Preview Content";
			sourceTree = "<group>";
		};
		828FDC903009B32100857720 /* KPKNFitTests */ = {
			isa = PBXGroup;
			children = (
				828FDC913009B32100857720 /* KPKNFitTests.swift */,
			);
			path = KPKNFitTests;
			sourceTree = "<group>";
		};
		828FDC9A3009B32100857720 /* KPKNFitUITests */ = {
			isa = PBXGroup;
			children = (
				828FDC9B3009B32100857720 /* KPKNFitUITests.swift */,
				828FDC9D3009B32100857720 /* KPKNFitUITestsLaunchTests.swift */,
			);
			path = KPKNFitUITests;
			sourceTree = "<group>";
		};
		96250A6B5754DA52AD3462D9 /* Screens */ = {
			isa = PBXGroup;
			children = (
				DC06BB6B1D2BD2008A3AE818 /* DashboardView.swift */,
				4509370CB68DFFD70ABD42A9 /* HomeViewModel.swift */,
				535228ADFD26881B2285CC7D /* HomeScreen.swift */,
			);
			name = Screens;
			path = Screens;
			sourceTree = "<group>";
		};
		E5143CA327FBF3F9244C2351 /* Components */ = {
			isa = PBXGroup;
			children = (
				4C8ACA6C21DD3683786D412A /* MyRingsView.swift */,
				F480FC4204273D22AE629D5F /* HomeHeaderSection.swift */,
				3B054BB6B5785EF1164EFF73 /* KpknIcons.swift */,
				5E3FECDA477E5B579EF77C59 /* HomeCornersSection.swift */,
				0A0EE0B09A4971E2834B8553 /* SharedComponents.swift */,
				66494A943B38F3D6684CCF06 /* CreateProgramCard.swift */,
				47D5EB4EBCC54EA9ECFE7BA5 /* HomeWikiLabSection.swift */,
				CDF3F1645F2F1792CC97AA31 /* HomeProgramsSection.swift */,
				4622B4952979D90B8309AA60 /* HomeCardsSection.swift */,
				7E57387C4B69C4EEE59A9C21 /* HomeSessionSection.swift */,
			);
			name = Components;
			sourceTree = "<group>";
		};
		E739FC17CB76F60FD0755075 /* Auge */ = {
			isa = PBXGroup;
			children = (
				864074E1D165DC8B1692556A /* AugeRecoveryEngine.swift */,
			);
			name = Auge;
			path = Auge;
			sourceTree = "<group>";
		};
		E95F67D475FBDDD2D9C4014E /* Theme */ = {
			isa = PBXGroup;
			children = (
				510D6B9D4F12D376D68E2948 /* AppColors.swift */,
				103A51A81B9573B3CEF8C16A /* LiquidGlassModifier.swift */,
				F2262A05CAF919C642F34E57 /* NeonOrbView.swift */,
			);
			name = Theme;
			sourceTree = "<group>";
		};
		EB3147483EE8C79E64F21EAF /* Domain */ = {
			isa = PBXGroup;
			children = (
				E739FC17CB76F60FD0755075 /* Auge */,
				769B9013812F833405BA1E69 /* Nutrition */,
			);
			name = Domain;
			path = Domain;
			sourceTree = "<group>";
		};
/* End PBXGroup section */

/* Begin PBXNativeTarget section */
		828FDC7C3009B31E00857720 /* KPKNFit */ = {
			isa = PBXNativeTarget;
			buildConfigurationList = 828FDCA13009B32100857720 /* Build configuration list for PBXNativeTarget "KPKNFit" */;
			buildPhases = (
				828FDC793009B31E00857720 /* Sources */,
				828FDC7A3009B31E00857720 /* Frameworks */,
				828FDC7B3009B31E00857720 /* Resources */,
			);
			buildRules = (
			);
			dependencies = (
			);
			name = KPKNFit;
			productName = KPKNFit;
			productReference = 828FDC7D3009B31E00857720 /* KPKNFit.app */;
			productType = "com.apple.product-type.application";
		};
		828FDC8C3009B32100857720 /* KPKNFitTests */ = {
			isa = PBXNativeTarget;
			buildConfigurationList = 828FDCA43009B32100857720 /* Build configuration list for PBXNativeTarget "KPKNFitTests" */;
			buildPhases = (
				828FDC893009B32100857720 /* Sources */,
				828FDC8A3009B32100857720 /* Frameworks */,
				828FDC8B3009B32100857720 /* Resources */,
			);
			buildRules = (
			);
			dependencies = (
				828FDC8F3009B32100857720 /* PBXTargetDependency */,
			);
			name = KPKNFitTests;
			productName = KPKNFitTests;
			productReference = 828FDC8D3009B32100857720 /* KPKNFitTests.xctest */;
			productType = "com.apple.product-type.bundle.unit-test";
		};
		828FDC963009B32100857720 /* KPKNFitUITests */ = {
			isa = PBXNativeTarget;
			buildConfigurationList = 828FDCA73009B32100857720 /* Build configuration list for PBXNativeTarget "KPKNFitUITests" */;
			buildPhases = (
				828FDC933009B32100857720 /* Sources */,
				828FDC943009B32100857720 /* Frameworks */,
				828FDC953009B32100857720 /* Resources */,
			);
			buildRules = (
			);
			dependencies = (
				828FDC993009B32100857720 /* PBXTargetDependency */,
			);
			name = KPKNFitUITests;
			productName = KPKNFitUITests;
			productReference = 828FDC973009B32100857720 /* KPKNFitUITests.xctest */;
			productType = "com.apple.product-type.bundle.ui-testing";
		};
/* End PBXNativeTarget section */

/* Begin PBXProject section */
		828FDC753009B31E00857720 /* Project object */ = {
			isa = PBXProject;
			attributes = {
				BuildIndependentTargetsInParallel = 1;
				LastSwiftUpdateCheck = 1520;
				LastUpgradeCheck = 1520;
				TargetAttributes = {
					828FDC7C3009B31E00857720 = {
						CreatedOnToolsVersion = 15.2;
					};
					828FDC8C3009B32100857720 = {
						CreatedOnToolsVersion = 15.2;
						TestTargetID = 828FDC7C3009B31E00857720;
					};
					828FDC963009B32100857720 = {
						CreatedOnToolsVersion = 15.2;
						TestTargetID = 828FDC7C3009B31E00857720;
					};
				};
			};
			buildConfigurationList = 828FDC783009B31E00857720 /* Build configuration list for PBXProject "KPKNFit" */;
			compatibilityVersion = "Xcode 14.0";
			developmentRegion = en;
			hasScannedForEncodings = 0;
			knownRegions = (
				en,
				Base,
			);
			mainGroup = 828FDC743009B31E00857720;
			productRefGroup = 828FDC7E3009B31E00857720 /* Products */;
			projectDirPath = "";
			projectRoot = "";
			targets = (
				828FDC7C3009B31E00857720 /* KPKNFit */,
				828FDC8C3009B32100857720 /* KPKNFitTests */,
				828FDC963009B32100857720 /* KPKNFitUITests */,
			);
		};
/* End PBXProject section */

/* Begin PBXResourcesBuildPhase section */
		828FDC7B3009B31E00857720 /* Resources */ = {
			isa = PBXResourcesBuildPhase;
			buildActionMask = 2147483647;
			files = (
				828FDCB13009B3E800857720 /* Domain in Resources */,
				828FDCB03009B3E800857720 /* Services in Resources */,
				828FDC883009B32000857720 /* Preview Assets.xcassets in Resources */,
				828FDCAE3009B3E800857720 /* Presentation in Resources */,
				828FDCAF3009B3E800857720 /* Data in Resources */,
				828FDC853009B32000857720 /* Assets.xcassets in Resources */,
			);
			runOnlyForDeploymentPostprocessing = 0;
		};
		828FDC8B3009B32100857720 /* Resources */ = {
			isa = PBXResourcesBuildPhase;
			buildActionMask = 2147483647;
			files = (
			);
			runOnlyForDeploymentPostprocessing = 0;
		};
		828FDC953009B32100857720 /* Resources */ = {
			isa = PBXResourcesBuildPhase;
			buildActionMask = 2147483647;
			files = (
			);
			runOnlyForDeploymentPostprocessing = 0;
		};
/* End PBXResourcesBuildPhase section */

/* Begin PBXSourcesBuildPhase section */
		828FDC793009B31E00857720 /* Sources */ = {
			isa = PBXSourcesBuildPhase;
			buildActionMask = 2147483647;
			files = (
				828FDC833009B31E00857720 /* ContentView.swift in Sources */,
				828FDC813009B31E00857720 /* KPKNFitApp.swift in Sources */,
				C86E9FAED6D6FBD03D73D851 /* AppColors.swift in Sources */,
				46A30284448598AAD109E49B /* LiquidGlassModifier.swift in Sources */,
				B832FD7CEEFBAE1FCB5B11BB /* NeonOrbView.swift in Sources */,
				AE5A1411986EBAAEC1ACE501 /* MyRingsView.swift in Sources */,
				8D542241FFDABB73B8608863 /* DashboardView.swift in Sources */,
				F9410B932C6CBA81B437454F /* NutritionModels.swift in Sources */,
				0B32A090B26C6B55C94E1DDC /* AugeRecoveryEngine.swift in Sources */,
				03527A43481970445C56D60C /* MacroCalculator.swift in Sources */,
				68D6FB73A6685480C410BEAC /* HomeHeaderSection.swift in Sources */,
				4877C8351C36F0ACDA6261DA /* KpknIcons.swift in Sources */,
				9CED78A368637452E67F05BB /* HomeCornersSection.swift in Sources */,
				65A87291B72330BA9C161EF7 /* SharedComponents.swift in Sources */,
				15BCBEDE5E1F0B463D40BFB9 /* CreateProgramCard.swift in Sources */,
				8346D6BF0F00A6FE5610EAD7 /* TrainingConceptsData.swift in Sources */,
				5890EE3340990008A12B16E4 /* HomeWikiLabSection.swift in Sources */,
				BD7A42C8EDC0B0E89F2A901C /* ProgramModels.swift in Sources */,
				A0DFB3EAF3757EAD8C0098D7 /* HomeProgramsSection.swift in Sources */,
				67CE829E333F0A83980971A0 /* HomeViewModel.swift in Sources */,
				BA73017657F4EDE0D6A854EA /* HomeCardsSection.swift in Sources */,
				8878DD49D5359C1B736E6FDE /* SessionModels.swift in Sources */,
				7A13BBF8E0386273E40BD42D /* HomeSessionSection.swift in Sources */,
				0A1C553D358888723125FAA8 /* HomeScreen.swift in Sources */,
			);
			runOnlyForDeploymentPostprocessing = 0;
		};
		828FDC893009B32100857720 /* Sources */ = {
			isa = PBXSourcesBuildPhase;
			buildActionMask = 2147483647;
			files = (
				828FDC923009B32100857720 /* KPKNFitTests.swift in Sources */,
			);
			runOnlyForDeploymentPostprocessing = 0;
		};
		828FDC933009B32100857720 /* Sources */ = {
			isa = PBXSourcesBuildPhase;
			buildActionMask = 2147483647;
			files = (
				828FDC9E3009B32100857720 /* KPKNFitUITestsLaunchTests.swift in Sources */,
				828FDC9C3009B32100857720 /* KPKNFitUITests.swift in Sources */,
			);
			runOnlyForDeploymentPostprocessing = 0;
		};
/* End PBXSourcesBuildPhase section */

/* Begin PBXTargetDependency section */
		828FDC8F3009B32100857720 /* PBXTargetDependency */ = {
			isa = PBXTargetDependency;
			target = 828FDC7C3009B31E00857720 /* KPKNFit */;
			targetProxy = 828FDC8E3009B32100857720 /* PBXContainerItemProxy */;
		};
		828FDC993009B32100857720 /* PBXTargetDependency */ = {
			isa = PBXTargetDependency;
			target = 828FDC7C3009B31E00857720 /* KPKNFit */;
			targetProxy = 828FDC983009B32100857720 /* PBXContainerItemProxy */;
		};
/* End PBXTargetDependency section */

/* Begin XCBuildConfiguration section */
		828FDC9F3009B32100857720 /* Debug */ = {
			isa = XCBuildConfiguration;
			buildSettings = {
				ALWAYS_SEARCH_USER_PATHS = NO;
				ASSETCATALOG_COMPILER_GENERATE_SWIFT_ASSET_SYMBOL_EXTENSIONS = YES;
				CLANG_ANALYZER_NONNULL = YES;
				CLANG_ANALYZER_NUMBER_OBJECT_CONVERSION = YES_AGGRESSIVE;
				CLANG_CXX_LANGUAGE_STANDARD = "gnu++20";
				CLANG_ENABLE_MODULES = YES;
				CLANG_ENABLE_OBJC_ARC = YES;
				CLANG_ENABLE_OBJC_WEAK = YES;
				CLANG_WARN_BLOCK_CAPTURE_AUTORELEASING = YES;
				CLANG_WARN_BOOL_CONVERSION = YES;
				CLANG_WARN_COMMA = YES;
				CLANG_WARN_CONSTANT_CONVERSION = YES;
				CLANG_WARN_DEPRECATED_OBJC_IMPLEMENTATIONS = YES;
				CLANG_WARN_DIRECT_OBJC_ISA_USAGE = YES_ERROR;
				CLANG_WARN_DOCUMENTATION_COMMENTS = YES;
				CLANG_WARN_EMPTY_BODY = YES;
				CLANG_WARN_ENUM_CONVERSION = YES;
				CLANG_WARN_INFINITE_RECURSION = YES;
				CLANG_WARN_INT_CONVERSION = YES;
				CLANG_WARN_NON_LITERAL_NULL_CONVERSION = YES;
				CLANG_WARN_OBJC_IMPLICIT_RETAIN_SELF = YES;
				CLANG_WARN_OBJC_LITERAL_CONVERSION = YES;
				CLANG_WARN_OBJC_ROOT_CLASS = YES_ERROR;
				CLANG_WARN_QUOTED_INCLUDE_IN_FRAMEWORK_HEADER = YES;
				CLANG_WARN_RANGE_LOOP_ANALYSIS = YES;
				CLANG_WARN_STRICT_PROTOTYPES = YES;
				CLANG_WARN_SUSPICIOUS_MOVE = YES;
				CLANG_WARN_UNGUARDED_AVAILABILITY = YES_AGGRESSIVE;
				CLANG_WARN_UNREACHABLE_CODE = YES;
				CLANG_WARN__DUPLICATE_METHOD_MATCH = YES;
				COPY_PHASE_STRIP = NO;
				DEBUG_INFORMATION_FORMAT = dwarf;
				ENABLE_STRICT_OBJC_MSGSEND = YES;
				ENABLE_TESTABILITY = YES;
				ENABLE_USER_SCRIPT_SANDBOXING = YES;
				GCC_C_LANGUAGE_STANDARD = gnu17;
				GCC_DYNAMIC_NO_PIC = NO;
				GCC_NO_COMMON_BLOCKS = YES;
				GCC_OPTIMIZATION_LEVEL = 0;
				GCC_PREPROCESSOR_DEFINITIONS = (
					"DEBUG=1",
					"$(inherited)",
				);
				GCC_WARN_64_TO_32_BIT_CONVERSION = YES;
				GCC_WARN_ABOUT_RETURN_TYPE = YES_ERROR;
				GCC_WARN_UNDECLARED_SELECTOR = YES;
				GCC_WARN_UNINITIALIZED_AUTOS = YES_AGGRESSIVE;
				GCC_WARN_UNUSED_FUNCTION = YES;
				GCC_WARN_UNUSED_VARIABLE = YES;
				IPHONEOS_DEPLOYMENT_TARGET = 17.2;
				LOCALIZATION_PREFERS_STRING_CATALOGS = YES;
				MTL_ENABLE_DEBUG_INFO = INCLUDE_SOURCE;
				MTL_FAST_MATH = YES;
				ONLY_ACTIVE_ARCH = YES;
				SDKROOT = iphoneos;
				SWIFT_ACTIVE_COMPILATION_CONDITIONS = "DEBUG $(inherited)";
				SWIFT_OPTIMIZATION_LEVEL = "-Onone";
			};
			name = Debug;
		};
		828FDCA03009B32100857720 /* Release */ = {
			isa = XCBuildConfiguration;
			buildSettings = {
				ALWAYS_SEARCH_USER_PATHS = NO;
				ASSETCATALOG_COMPILER_GENERATE_SWIFT_ASSET_SYMBOL_EXTENSIONS = YES;
				CLANG_ANALYZER_NONNULL = YES;
				CLANG_ANALYZER_NUMBER_OBJECT_CONVERSION = YES_AGGRESSIVE;
				CLANG_CXX_LANGUAGE_STANDARD = "gnu++20";
				CLANG_ENABLE_MODULES = YES;
				CLANG_ENABLE_OBJC_ARC = YES;
				CLANG_ENABLE_OBJC_WEAK = YES;
				CLANG_WARN_BLOCK_CAPTURE_AUTORELEASING = YES;
				CLANG_WARN_BOOL_CONVERSION = YES;
				CLANG_WARN_COMMA = YES;
				CLANG_WARN_CONSTANT_CONVERSION = YES;
				CLANG_WARN_DEPRECATED_OBJC_IMPLEMENTATIONS = YES;
				CLANG_WARN_DIRECT_OBJC_ISA_USAGE = YES_ERROR;
				CLANG_WARN_DOCUMENTATION_COMMENTS = YES;
				CLANG_WARN_EMPTY_BODY = YES;
				CLANG_WARN_ENUM_CONVERSION = YES;
				CLANG_WARN_INFINITE_RECURSION = YES;
				CLANG_WARN_INT_CONVERSION = YES;
				CLANG_WARN_NON_LITERAL_NULL_CONVERSION = YES;
				CLANG_WARN_OBJC_IMPLICIT_RETAIN_SELF = YES;
				CLANG_WARN_OBJC_LITERAL_CONVERSION = YES;
				CLANG_WARN_OBJC_ROOT_CLASS = YES_ERROR;
				CLANG_WARN_QUOTED_INCLUDE_IN_FRAMEWORK_HEADER = YES;
				CLANG_WARN_RANGE_LOOP_ANALYSIS = YES;
				CLANG_WARN_STRICT_PROTOTYPES = YES;
				CLANG_WARN_SUSPICIOUS_MOVE = YES;
				CLANG_WARN_UNGUARDED_AVAILABILITY = YES_AGGRESSIVE;
				CLANG_WARN_UNREACHABLE_CODE = YES;
				CLANG_WARN__DUPLICATE_METHOD_MATCH = YES;
				COPY_PHASE_STRIP = NO;
				DEBUG_INFORMATION_FORMAT = "dwarf-with-dsym";
				ENABLE_NS_ASSERTIONS = NO;
				ENABLE_STRICT_OBJC_MSGSEND = YES;
				ENABLE_USER_SCRIPT_SANDBOXING = YES;
				GCC_C_LANGUAGE_STANDARD = gnu17;
				GCC_NO_COMMON_BLOCKS = YES;
				GCC_WARN_64_TO_32_BIT_CONVERSION = YES;
				GCC_WARN_ABOUT_RETURN_TYPE = YES_ERROR;
				GCC_WARN_UNDECLARED_SELECTOR = YES;
				GCC_WARN_UNINITIALIZED_AUTOS = YES_AGGRESSIVE;
				GCC_WARN_UNUSED_FUNCTION = YES;
				GCC_WARN_UNUSED_VARIABLE = YES;
				IPHONEOS_DEPLOYMENT_TARGET = 17.2;
				LOCALIZATION_PREFERS_STRING_CATALOGS = YES;
				MTL_ENABLE_DEBUG_INFO = NO;
				MTL_FAST_MATH = YES;
				SDKROOT = iphoneos;
				SWIFT_COMPILATION_MODE = wholemodule;
				VALIDATE_PRODUCT = YES;
			};
			name = Release;
		};
		828FDCA23009B32100857720 /* Debug */ = {
			isa = XCBuildConfiguration;
			buildSettings = {
				ASSETCATALOG_COMPILER_APPICON_NAME = AppIcon;
				ASSETCATALOG_COMPILER_GLOBAL_ACCENT_COLOR_NAME = AccentColor;
				CODE_SIGN_STYLE = Automatic;
				CURRENT_PROJECT_VERSION = 1;
				DEVELOPMENT_ASSET_PATHS = "\"KPKNFit/Preview Content\"";
				ENABLE_PREVIEWS = YES;
				GENERATE_INFOPLIST_FILE = YES;
				INFOPLIST_KEY_LSApplicationCategoryType = "public.app-category.sports";
				INFOPLIST_KEY_UIApplicationSceneManifest_Generation = YES;
				INFOPLIST_KEY_UIApplicationSupportsIndirectInputEvents = YES;
				INFOPLIST_KEY_UILaunchScreen_Generation = YES;
				INFOPLIST_KEY_UISupportedInterfaceOrientations_iPad = "UIInterfaceOrientationPortrait UIInterfaceOrientationPortraitUpsideDown UIInterfaceOrientationLandscapeLeft UIInterfaceOrientationLandscapeRight";
				INFOPLIST_KEY_UISupportedInterfaceOrientations_iPhone = "UIInterfaceOrientationPortrait UIInterfaceOrientationLandscapeLeft UIInterfaceOrientationLandscapeRight";
				LD_RUNPATH_SEARCH_PATHS = (
					"$(inherited)",
					"@executable_path/Frameworks",
				);
				MARKETING_VERSION = 1.0;
				PRODUCT_BUNDLE_IDENTIFIER = com.example.kpkn.KPKNFit;
				PRODUCT_NAME = "$(TARGET_NAME)";
				SWIFT_EMIT_LOC_STRINGS = YES;
				SWIFT_VERSION = 5.0;
				TARGETED_DEVICE_FAMILY = "1,2";
			};
			name = Debug;
		};
		828FDCA33009B32100857720 /* Release */ = {
			isa = XCBuildConfiguration;
			buildSettings = {
				ASSETCATALOG_COMPILER_APPICON_NAME = AppIcon;
				ASSETCATALOG_COMPILER_GLOBAL_ACCENT_COLOR_NAME = AccentColor;
				CODE_SIGN_STYLE = Automatic;
				CURRENT_PROJECT_VERSION = 1;
				DEVELOPMENT_ASSET_PATHS = "\"KPKNFit/Preview Content\"";
				ENABLE_PREVIEWS = YES;
				GENERATE_INFOPLIST_FILE = YES;
				INFOPLIST_KEY_LSApplicationCategoryType = "public.app-category.sports";
				INFOPLIST_KEY_UIApplicationSceneManifest_Generation = YES;
				INFOPLIST_KEY_UIApplicationSupportsIndirectInputEvents = YES;
				INFOPLIST_KEY_UILaunchScreen_Generation = YES;
				INFOPLIST_KEY_UISupportedInterfaceOrientations_iPad = "UIInterfaceOrientationPortrait UIInterfaceOrientationPortraitUpsideDown UIInterfaceOrientationLandscapeLeft UIInterfaceOrientationLandscapeRight";
				INFOPLIST_KEY_UISupportedInterfaceOrientations_iPhone = "UIInterfaceOrientationPortrait UIInterfaceOrientationLandscapeLeft UIInterfaceOrientationLandscapeRight";
				LD_RUNPATH_SEARCH_PATHS = (
					"$(inherited)",
					"@executable_path/Frameworks",
				);
				MARKETING_VERSION = 1.0;
				PRODUCT_BUNDLE_IDENTIFIER = com.example.kpkn.KPKNFit;
				PRODUCT_NAME = "$(TARGET_NAME)";
				SWIFT_EMIT_LOC_STRINGS = YES;
				SWIFT_VERSION = 5.0;
				TARGETED_DEVICE_FAMILY = "1,2";
			};
			name = Release;
		};
		828FDCA53009B32100857720 /* Debug */ = {
			isa = XCBuildConfiguration;
			buildSettings = {
				ALWAYS_EMBED_SWIFT_STANDARD_LIBRARIES = YES;
				BUNDLE_LOADER = "$(TEST_HOST)";
				CODE_SIGN_STYLE = Automatic;
				CURRENT_PROJECT_VERSION = 1;
				GENERATE_INFOPLIST_FILE = YES;
				IPHONEOS_DEPLOYMENT_TARGET = 17.2;
				MARKETING_VERSION = 1.0;
				PRODUCT_BUNDLE_IDENTIFIER = com.example.kpkn.KPKNFitTests;
				PRODUCT_NAME = "$(TARGET_NAME)";
				SWIFT_EMIT_LOC_STRINGS = NO;
				SWIFT_VERSION = 5.0;
				TARGETED_DEVICE_FAMILY = "1,2";
				TEST_HOST = "$(BUILT_PRODUCTS_DIR)/KPKNFit.app/$(BUNDLE_EXECUTABLE_FOLDER_PATH)/KPKNFit";
			};
			name = Debug;
		};
		828FDCA63009B32100857720 /* Release */ = {
			isa = XCBuildConfiguration;
			buildSettings = {
				ALWAYS_EMBED_SWIFT_STANDARD_LIBRARIES = YES;
				BUNDLE_LOADER = "$(TEST_HOST)";
				CODE_SIGN_STYLE = Automatic;
				CURRENT_PROJECT_VERSION = 1;
				GENERATE_INFOPLIST_FILE = YES;
				IPHONEOS_DEPLOYMENT_TARGET = 17.2;
				MARKETING_VERSION = 1.0;
				PRODUCT_BUNDLE_IDENTIFIER = com.example.kpkn.KPKNFitTests;
				PRODUCT_NAME = "$(TARGET_NAME)";
				SWIFT_EMIT_LOC_STRINGS = NO;
				SWIFT_VERSION = 5.0;
				TARGETED_DEVICE_FAMILY = "1,2";
				TEST_HOST = "$(BUILT_PRODUCTS_DIR)/KPKNFit.app/$(BUNDLE_EXECUTABLE_FOLDER_PATH)/KPKNFit";
			};
			name = Release;
		};
		828FDCA83009B32100857720 /* Debug */ = {
			isa = XCBuildConfiguration;
			buildSettings = {
				ALWAYS_EMBED_SWIFT_STANDARD_LIBRARIES = YES;
				CODE_SIGN_STYLE = Automatic;
				CURRENT_PROJECT_VERSION = 1;
				GENERATE_INFOPLIST_FILE = YES;
				MARKETING_VERSION = 1.0;
				PRODUCT_BUNDLE_IDENTIFIER = com.example.kpkn.KPKNFitUITests;
				PRODUCT_NAME = "$(TARGET_NAME)";
				SWIFT_EMIT_LOC_STRINGS = NO;
				SWIFT_VERSION = 5.0;
				TARGETED_DEVICE_FAMILY = "1,2";
				TEST_TARGET_NAME = KPKNFit;
			};
			name = Debug;
		};
		828FDCA93009B32100857720 /* Release */ = {
			isa = XCBuildConfiguration;
			buildSettings = {
				ALWAYS_EMBED_SWIFT_STANDARD_LIBRARIES = YES;
				CODE_SIGN_STYLE = Automatic;
				CURRENT_PROJECT_VERSION = 1;
				GENERATE_INFOPLIST_FILE = YES;
				MARKETING_VERSION = 1.0;
				PRODUCT_BUNDLE_IDENTIFIER = com.example.kpkn.KPKNFitUITests;
				PRODUCT_NAME = "$(TARGET_NAME)";
				SWIFT_EMIT_LOC_STRINGS = NO;
				SWIFT_VERSION = 5.0;
				TARGETED_DEVICE_FAMILY = "1,2";
				TEST_TARGET_NAME = KPKNFit;
			};
			name = Release;
		};
/* End XCBuildConfiguration section */

/* Begin XCConfigurationList section */
		828FDC783009B31E00857720 /* Build configuration list for PBXProject "KPKNFit" */ = {
			isa = XCConfigurationList;
			buildConfigurations = (
				828FDC9F3009B32100857720 /* Debug */,
				828FDCA03009B32100857720 /* Release */,
			);
			defaultConfigurationIsVisible = 0;
			defaultConfigurationName = Release;
		};
		828FDCA13009B32100857720 /* Build configuration list for PBXNativeTarget "KPKNFit" */ = {
			isa = XCConfigurationList;
			buildConfigurations = (
				828FDCA23009B32100857720 /* Debug */,
				828FDCA33009B32100857720 /* Release */,
			);
			defaultConfigurationIsVisible = 0;
			defaultConfigurationName = Release;
		};
		828FDCA43009B32100857720 /* Build configuration list for PBXNativeTarget "KPKNFitTests" */ = {
			isa = XCConfigurationList;
			buildConfigurations = (
				828FDCA53009B32100857720 /* Debug */,
				828FDCA63009B32100857720 /* Release */,
			);
			defaultConfigurationIsVisible = 0;
			defaultConfigurationName = Release;
		};
		828FDCA73009B32100857720 /* Build configuration list for PBXNativeTarget "KPKNFitUITests" */ = {
			isa = XCConfigurationList;
			buildConfigurations = (
				828FDCA83009B32100857720 /* Debug */,
				828FDCA93009B32100857720 /* Release */,
			);
			defaultConfigurationIsVisible = 0;
			defaultConfigurationName = Release;
		};
/* End XCConfigurationList section */
	};
	rootObject = 828FDC753009B31E00857720 /* Project object */;
}
